
Microsoft Visual Studio Solution File, Format Version 12.00
# Visual Studio Version 17
VisualStudioVersion = 17.0.32126.317
MinimumVisualStudioVersion = 10.0.40219.1
Project("{FAE04EC0-301F-11D3-BF4B-00C04F79EFBC}") = "DinamikPlatformDriver", "DinamikPlatformDriver\DinamikPlatformDriver.csproj", "{AE37E1AD-6938-4D23-B439-6D9F261A65D4}"
EndProject
Global
	GlobalSection(SolutionConfigurationPlatforms) = preSolution
		Debug|Any CPU = Debug|Any CPU
		Release|Any CPU = Release|Any CPU
	EndGlobalSection
	GlobalSection(ProjectConfigurationPlatforms) = postSolution
		{AE37E1AD-6938-4D23-B439-6D9F261A65D4}.Debug|Any CPU.ActiveCfg = Debug|Any CPU
		{AE37E1AD-6938-4D23-B439-6D9F261A65D4}.Debug|Any CPU.Build.0 = Debug|Any CPU
		{AE37E1AD-6938-4D23-B439-6D9F261A65D4}.Release|Any CPU.ActiveCfg = Release|Any CPU
		{AE37E1AD-6938-4D23-B439-6D9F261A65D4}.Release|Any CPU.Build.0 = Release|Any CPU
	EndGlobalSection
	GlobalSection(SolutionProperties) = preSolution
		HideSolutionNode = FALSE
	EndGlobalSection
	GlobalSection(ExtensibilityGlobals) = postSolution
		SolutionGuid = {5F354F73-5D97-409C-9EE4-B43DAA1A3361}
	EndGlobalSection
EndGlobal
